
Microsoft Visual Studio Solution File, Format Version 12.00
# Visual Studio Version 17
VisualStudioVersion = 17.13.35828.75 d17.13
MinimumVisualStudioVersion = 10.0.40219.1
Project("{8BC9CEB8-8B4A-11D0-8D11-00A0C91BC942}") = "gLSM_fluid_3D", "gLSM_fluid_3D.vcxproj", "{4F45668A-D41D-0389-190D-69D613A58804}"
EndProject
Global
	GlobalSection(SolutionConfigurationPlatforms) = preSolution
		Debug|x64 = Debug|x64
		Release|x64 = Release|x64
	EndGlobalSection
	GlobalSection(ProjectConfigurationPlatforms) = postSolution
		{4F45668A-D41D-0389-190D-69D613A58804}.Debug|x64.ActiveCfg = Debug|x64
		{4F45668A-D41D-0389-190D-69D613A58804}.Debug|x64.Build.0 = Debug|x64
		{4F45668A-D41D-0389-190D-69D613A58804}.Release|x64.ActiveCfg = Release|x64
		{4F45668A-D41D-0389-190D-69D613A58804}.Release|x64.Build.0 = Release|x64
	EndGlobalSection
	GlobalSection(SolutionProperties) = preSolution
		HideSolutionNode = FALSE
	EndGlobalSection
	GlobalSection(ExtensibilityGlobals) = postSolution
		SolutionGuid = {6B400A70-4C74-42AF-82FF-597D82ED2309}
	EndGlobalSection
EndGlobal
